{
  "object": {
    "pins": [
      {
        "package": "PuzzleBox",
        "repositoryURL": "https://github.com/calebwilson706/puzzle-box-SP",
        "state": {
          "branch": "main",
          "revision": "e3c83937af592cf06677e5f4e69ed147e6158c5e",
          "version": null
        }
      }
    ]
  },
  "version": 1
}
