{
  "object": {
    "pins": [
      {
        "package": "PuzzleBox",
        "repositoryURL": "https://github.com/calebwilson706/puzzle-box-SP",
        "state": {
          "branch": "main",
          "revision": "e3c83937af592cf06677e5f4e69ed147e6158c5e",
          "version": null
        }
      },
      {
        "package": "swift-collections",
        "repositoryURL": "https://github.com/apple/swift-collections",
        "state": {
          "branch": null,
          "revision": "d45e63421d3dff834949ac69d3c37691e994bd69",
          "version": "0.0.3"
        }
      }
    ]
  },
  "version": 1
}
