{
  "object": {
    "pins": [
      {
        "package": "PuzzleBox",
        "repositoryURL": "https://github.com/calebwilson706/puzzle-box-SP",
        "state": {
          "branch": "main",
          "revision": "071921e7a5482f836e11d77540c0f78f12ea2295",
          "version": null
        }
      }
    ]
  },
  "version": 1
}
